
Microsoft Visual Studio Solution File, Format Version 12.00
# Visual Studio Version 17
VisualStudioVersion = 17.0.31903.59
MinimumVisualStudioVersion = 10.0.40219.1
Project("{FAE04EC0-301F-11D3-BF4B-00C04F79EFBC}") = "Chronos", "Chronos\Chronos.csproj", "{E790E76C-847F-4DB6-8430-241D19670C3F}"
EndProject
Project("{FAE04EC0-301F-11D3-BF4B-00C04F79EFBC}") = "RandomTest", "RandomTest\RandomTest.csproj", "{A8F4B823-614D-4632-9C83-A2A0606C1424}"
EndProject
Project("{FAE04EC0-301F-11D3-BF4B-00C04F79EFBC}") = "RandDice", "RandDice\RandDice.csproj", "{385C4C3E-442B-4872-9F8C-FF64CC6F7B69}"
EndProject
Project("{FAE04EC0-301F-11D3-BF4B-00C04F79EFBC}") = "MyRogueLike", "MyRogueLike\MyRogueLike.csproj", "{4206E25E-0139-47FA-8FAD-81203025E102}"
EndProject
Global
	GlobalSection(SolutionConfigurationPlatforms) = preSolution
		Debug|Any CPU = Debug|Any CPU
		Release|Any CPU = Release|Any CPU
	EndGlobalSection
	GlobalSection(SolutionProperties) = preSolution
		HideSolutionNode = FALSE
	EndGlobalSection
	GlobalSection(ProjectConfigurationPlatforms) = postSolution
		{E790E76C-847F-4DB6-8430-241D19670C3F}.Debug|Any CPU.ActiveCfg = Debug|Any CPU
		{E790E76C-847F-4DB6-8430-241D19670C3F}.Debug|Any CPU.Build.0 = Debug|Any CPU
		{E790E76C-847F-4DB6-8430-241D19670C3F}.Release|Any CPU.ActiveCfg = Release|Any CPU
		{E790E76C-847F-4DB6-8430-241D19670C3F}.Release|Any CPU.Build.0 = Release|Any CPU
		{A8F4B823-614D-4632-9C83-A2A0606C1424}.Debug|Any CPU.ActiveCfg = Debug|Any CPU
		{A8F4B823-614D-4632-9C83-A2A0606C1424}.Debug|Any CPU.Build.0 = Debug|Any CPU
		{A8F4B823-614D-4632-9C83-A2A0606C1424}.Release|Any CPU.ActiveCfg = Release|Any CPU
		{A8F4B823-614D-4632-9C83-A2A0606C1424}.Release|Any CPU.Build.0 = Release|Any CPU
		{385C4C3E-442B-4872-9F8C-FF64CC6F7B69}.Debug|Any CPU.ActiveCfg = Debug|Any CPU
		{385C4C3E-442B-4872-9F8C-FF64CC6F7B69}.Debug|Any CPU.Build.0 = Debug|Any CPU
		{385C4C3E-442B-4872-9F8C-FF64CC6F7B69}.Release|Any CPU.ActiveCfg = Release|Any CPU
		{385C4C3E-442B-4872-9F8C-FF64CC6F7B69}.Release|Any CPU.Build.0 = Release|Any CPU
		{4206E25E-0139-47FA-8FAD-81203025E102}.Debug|Any CPU.ActiveCfg = Debug|Any CPU
		{4206E25E-0139-47FA-8FAD-81203025E102}.Debug|Any CPU.Build.0 = Debug|Any CPU
		{4206E25E-0139-47FA-8FAD-81203025E102}.Release|Any CPU.ActiveCfg = Release|Any CPU
		{4206E25E-0139-47FA-8FAD-81203025E102}.Release|Any CPU.Build.0 = Release|Any CPU
	EndGlobalSection
EndGlobal
